
Microsoft Visual Studio Solution File, Format Version 12.00
# Visual Studio Version 17
VisualStudioVersion = 17.0.32014.148
MinimumVisualStudioVersion = 10.0.40219.1
Project("{FAE04EC0-301F-11D3-BF4B-00C04F79EFBC}") = "Nagp.UserInfo", "Nagp.UserInfo\Nagp.UserInfo.csproj", "{8073340A-243C-4F99-BE77-F6B84D442623}"
EndProject
Project("{FAE04EC0-301F-11D3-BF4B-00C04F79EFBC}") = "Nagp.UserInfo.Repository", "Nagp.UserInfo.Repository\Nagp.UserInfo.Repository.csproj", "{2574271C-31E2-4C0E-B094-AFBF33622E36}"
EndProject
Global
	GlobalSection(SolutionConfigurationPlatforms) = preSolution
		Debug|Any CPU = Debug|Any CPU
		Release|Any CPU = Release|Any CPU
	EndGlobalSection
	GlobalSection(ProjectConfigurationPlatforms) = postSolution
		{8073340A-243C-4F99-BE77-F6B84D442623}.Debug|Any CPU.ActiveCfg = Debug|Any CPU
		{8073340A-243C-4F99-BE77-F6B84D442623}.Debug|Any CPU.Build.0 = Debug|Any CPU
		{8073340A-243C-4F99-BE77-F6B84D442623}.Release|Any CPU.ActiveCfg = Release|Any CPU
		{8073340A-243C-4F99-BE77-F6B84D442623}.Release|Any CPU.Build.0 = Release|Any CPU
		{2574271C-31E2-4C0E-B094-AFBF33622E36}.Debug|Any CPU.ActiveCfg = Debug|Any CPU
		{2574271C-31E2-4C0E-B094-AFBF33622E36}.Debug|Any CPU.Build.0 = Debug|Any CPU
		{2574271C-31E2-4C0E-B094-AFBF33622E36}.Release|Any CPU.ActiveCfg = Release|Any CPU
		{2574271C-31E2-4C0E-B094-AFBF33622E36}.Release|Any CPU.Build.0 = Release|Any CPU
	EndGlobalSection
	GlobalSection(SolutionProperties) = preSolution
		HideSolutionNode = FALSE
	EndGlobalSection
	GlobalSection(ExtensibilityGlobals) = postSolution
		SolutionGuid = {A1150A6D-9F06-4A69-89C0-EC93A39852E7}
	EndGlobalSection
EndGlobal
